
Microsoft Visual Studio Solution File, Format Version 12.00
# Visual Studio Version 16
VisualStudioVersion = 16.0.29728.190
MinimumVisualStudioVersion = 10.0.40219.1
Project("{FAE04EC0-301F-11D3-BF4B-00C04F79EFBC}") = "VMCAvatarMaterialChange", "VMCAvatarMaterialChange.csproj", "{F2746BFF-74A0-47D3-8E10-20F26F832D8E}"
EndProject
Global
	GlobalSection(SolutionConfigurationPlatforms) = preSolution
		Debug|Any CPU = Debug|Any CPU
		Release|Any CPU = Release|Any CPU
	EndGlobalSection
	GlobalSection(ProjectConfigurationPlatforms) = postSolution
		{F2746BFF-74A0-47D3-8E10-20F26F832D8E}.Debug|Any CPU.ActiveCfg = Debug|Any CPU
		{F2746BFF-74A0-47D3-8E10-20F26F832D8E}.Debug|Any CPU.Build.0 = Debug|Any CPU
		{F2746BFF-74A0-47D3-8E10-20F26F832D8E}.Release|Any CPU.ActiveCfg = Release|Any CPU
		{F2746BFF-74A0-47D3-8E10-20F26F832D8E}.Release|Any CPU.Build.0 = Release|Any CPU
	EndGlobalSection
	GlobalSection(SolutionProperties) = preSolution
		HideSolutionNode = FALSE
	EndGlobalSection
	GlobalSection(ExtensibilityGlobals) = postSolution
		SolutionGuid = {ECA47023-3B09-4D88-9762-635D8503AD39}
	EndGlobalSection
EndGlobal
